{
  "nodes": {
    "flake-compat": {
      "flake": false,
      "locked": {
        "lastModified": 1767039857,
        "narHash": "sha256-vNpUSpF5Nuw8xvDLj2KCwwksIbjua2LZCqhV1LNRDns=",
        "owner": "NixOS",
        "repo": "flake-compat",
        "rev": "5edf11c44bc78a0d334f6334cdaf7d60d732daab",
        "type": "github"
      },
      "original": {
        "owner": "NixOS",
        "repo": "flake-compat",
        "type": "github"
      }
    },
    "git-hooks": {
      "inputs": {
        "flake-compat": "flake-compat",
        "nixpkgs": [
          "nixpkgs"
        ]
      },
      "locked": {
        "lastModified": 1783008725,
        "narHash": "sha256-jGiy6+sxjNWXSjp25uoJuNfyH9zBK1PEDY0lVoL4ibQ=",
        "rev": "bca82caa46d5ec0f5d422c61fb1e30bc51313cbe",
        "revCount": 1229,
        "type": "tarball",
        "url": "https://api.flakehub.com/f/pinned/cachix/git-hooks.nix/0.1.1229%2Brev-bca82caa46d5ec0f5d422c61fb1e30bc51313cbe/019f2403-9d83-7233-9d2e-dd8f3744dfbb/source.tar.gz"
      },
      "original": {
        "type": "tarball",
        "url": "https://flakehub.com/f/cachix/git-hooks.nix/0.1.%2A.tar.gz"
      }
    },
    "nixpkgs": {
      "locked": {
        "lastModified": 1784007870,
        "narHash": "sha256-djcLt/JJphyNt4eDY9XTly+/WbCK5lqWq9lSgCmJkkQ=",
        "rev": "18b9261cb3294b6d2a06d03f96872827b8fe2698",
        "revCount": 1034379,
        "type": "tarball",
        "url": "https://api.flakehub.com/f/pinned/NixOS/nixpkgs/0.1.1034379%2Brev-18b9261cb3294b6d2a06d03f96872827b8fe2698/019f6132-7d6a-7801-abb1-b4bf03703a37/source.tar.gz"
      },
      "original": {
        "type": "tarball",
        "url": "https://flakehub.com/f/NixOS/nixpkgs/0.1.%2A.tar.gz"
      }
    },
    "nixpkgs-lib": {
      "locked": {
        "lastModified": 1783821755,
        "narHash": "sha256-eMPX9S6MKPyUnaOgeRfrG7OKUiAlc1AlcRinMbSB0WA=",
        "owner": "nix-community",
        "repo": "nixpkgs.lib",
        "rev": "228ab8523d81526e57a6ca342e1a919fb6d246a8",
        "type": "github"
      },
      "original": {
        "owner": "nix-community",
        "repo": "nixpkgs.lib",
        "type": "github"
      }
    },
    "purr": {
      "inputs": {
        "nixpkgs-lib": "nixpkgs-lib"
      },
      "locked": {
        "lastModified": 1784052756,
        "narHash": "sha256-jUfiT0Vmu93XCCQyLfYS/nrtY47ge+0sq/q9zssivhA=",
        "rev": "d92ced982bb710a8fbd9959bbeda15b76ed8289e",
        "revCount": 37,
        "type": "tarball",
        "url": "https://api.flakehub.com/f/pinned/nixcafe/purr/0.1.37%2Brev-d92ced982bb710a8fbd9959bbeda15b76ed8289e/019f61d5-8a16-71d0-903a-f302ede46db9/source.tar.gz"
      },
      "original": {
        "type": "tarball",
        "url": "https://flakehub.com/f/nixcafe/purr/0.1.%2A.tar.gz"
      }
    },
    "root": {
      "inputs": {
        "git-hooks": "git-hooks",
        "nixpkgs": "nixpkgs",
        "purr": "purr"
      }
    }
  },
  "root": "root",
  "version": 7
}